
Microsoft Visual Studio Solution File, Format Version 12.00
# Visual Studio Version 17
VisualStudioVersion = 17.13.35913.81 d17.13
MinimumVisualStudioVersion = 10.0.40219.1
Project("{FAE04EC0-301F-11D3-BF4B-00C04F79EFBC}") = "ExtractReplaceRemoveData_Challenge", "ExtractReplaceRemoveData_Challenge\ExtractReplaceRemoveData_Challenge.csproj", "{756FA0AC-EA1B-493E-AB3B-91C8E33E5E48}"
EndProject
Global
	GlobalSection(SolutionConfigurationPlatforms) = preSolution
		Debug|Any CPU = Debug|Any CPU
		Release|Any CPU = Release|Any CPU
	EndGlobalSection
	GlobalSection(ProjectConfigurationPlatforms) = postSolution
		{756FA0AC-EA1B-493E-AB3B-91C8E33E5E48}.Debug|Any CPU.ActiveCfg = Debug|Any CPU
		{756FA0AC-EA1B-493E-AB3B-91C8E33E5E48}.Debug|Any CPU.Build.0 = Debug|Any CPU
		{756FA0AC-EA1B-493E-AB3B-91C8E33E5E48}.Release|Any CPU.ActiveCfg = Release|Any CPU
		{756FA0AC-EA1B-493E-AB3B-91C8E33E5E48}.Release|Any CPU.Build.0 = Release|Any CPU
	EndGlobalSection
	GlobalSection(SolutionProperties) = preSolution
		HideSolutionNode = FALSE
	EndGlobalSection
	GlobalSection(ExtensibilityGlobals) = postSolution
		SolutionGuid = {5E3035A6-D791-4D89-9053-FC4B564DDED5}
	EndGlobalSection
EndGlobal
