
Microsoft Visual Studio Solution File, Format Version 12.00
# Visual Studio Version 17
VisualStudioVersion = 17.0.31903.59
MinimumVisualStudioVersion = 10.0.40219.1
Project("{FAE04EC0-301F-11D3-BF4B-00C04F79EFBC}") = "DiscoverInegralTypes", "DiscoverInegralTypes\DiscoverInegralTypes.csproj", "{2C03D9D5-C522-4742-9B60-A1C09CCFAE87}"
EndProject
Project("{FAE04EC0-301F-11D3-BF4B-00C04F79EFBC}") = "ExploringCastingConversion", "ExploringCastingConversion\ExploringCastingConversion.csproj", "{65ED815B-D8D3-4E23-8668-FB79CB485DD8}"
EndProject
Project("{FAE04EC0-301F-11D3-BF4B-00C04F79EFBC}") = "StringIntegerConversionExercise", "StringIntegerConversionExercise\StringIntegerConversionExercise.csproj", "{35A30F27-64B7-4EE5-B479-C3614FF81897}"
EndProject
Global
	GlobalSection(SolutionConfigurationPlatforms) = preSolution
		Debug|Any CPU = Debug|Any CPU
		Debug|x64 = Debug|x64
		Debug|x86 = Debug|x86
		Release|Any CPU = Release|Any CPU
		Release|x64 = Release|x64
		Release|x86 = Release|x86
	EndGlobalSection
	GlobalSection(ProjectConfigurationPlatforms) = postSolution
		{2C03D9D5-C522-4742-9B60-A1C09CCFAE87}.Debug|Any CPU.ActiveCfg = Debug|Any CPU
		{2C03D9D5-C522-4742-9B60-A1C09CCFAE87}.Debug|Any CPU.Build.0 = Debug|Any CPU
		{2C03D9D5-C522-4742-9B60-A1C09CCFAE87}.Debug|x64.ActiveCfg = Debug|Any CPU
		{2C03D9D5-C522-4742-9B60-A1C09CCFAE87}.Debug|x64.Build.0 = Debug|Any CPU
		{2C03D9D5-C522-4742-9B60-A1C09CCFAE87}.Debug|x86.ActiveCfg = Debug|Any CPU
		{2C03D9D5-C522-4742-9B60-A1C09CCFAE87}.Debug|x86.Build.0 = Debug|Any CPU
		{2C03D9D5-C522-4742-9B60-A1C09CCFAE87}.Release|Any CPU.ActiveCfg = Release|Any CPU
		{2C03D9D5-C522-4742-9B60-A1C09CCFAE87}.Release|Any CPU.Build.0 = Release|Any CPU
		{2C03D9D5-C522-4742-9B60-A1C09CCFAE87}.Release|x64.ActiveCfg = Release|Any CPU
		{2C03D9D5-C522-4742-9B60-A1C09CCFAE87}.Release|x64.Build.0 = Release|Any CPU
		{2C03D9D5-C522-4742-9B60-A1C09CCFAE87}.Release|x86.ActiveCfg = Release|Any CPU
		{2C03D9D5-C522-4742-9B60-A1C09CCFAE87}.Release|x86.Build.0 = Release|Any CPU
		{65ED815B-D8D3-4E23-8668-FB79CB485DD8}.Debug|Any CPU.ActiveCfg = Debug|Any CPU
		{65ED815B-D8D3-4E23-8668-FB79CB485DD8}.Debug|Any CPU.Build.0 = Debug|Any CPU
		{65ED815B-D8D3-4E23-8668-FB79CB485DD8}.Debug|x64.ActiveCfg = Debug|Any CPU
		{65ED815B-D8D3-4E23-8668-FB79CB485DD8}.Debug|x64.Build.0 = Debug|Any CPU
		{65ED815B-D8D3-4E23-8668-FB79CB485DD8}.Debug|x86.ActiveCfg = Debug|Any CPU
		{65ED815B-D8D3-4E23-8668-FB79CB485DD8}.Debug|x86.Build.0 = Debug|Any CPU
		{65ED815B-D8D3-4E23-8668-FB79CB485DD8}.Release|Any CPU.ActiveCfg = Release|Any CPU
		{65ED815B-D8D3-4E23-8668-FB79CB485DD8}.Release|Any CPU.Build.0 = Release|Any CPU
		{65ED815B-D8D3-4E23-8668-FB79CB485DD8}.Release|x64.ActiveCfg = Release|Any CPU
		{65ED815B-D8D3-4E23-8668-FB79CB485DD8}.Release|x64.Build.0 = Release|Any CPU
		{65ED815B-D8D3-4E23-8668-FB79CB485DD8}.Release|x86.ActiveCfg = Release|Any CPU
		{65ED815B-D8D3-4E23-8668-FB79CB485DD8}.Release|x86.Build.0 = Release|Any CPU
		{35A30F27-64B7-4EE5-B479-C3614FF81897}.Debug|Any CPU.ActiveCfg = Debug|Any CPU
		{35A30F27-64B7-4EE5-B479-C3614FF81897}.Debug|Any CPU.Build.0 = Debug|Any CPU
		{35A30F27-64B7-4EE5-B479-C3614FF81897}.Debug|x64.ActiveCfg = Debug|Any CPU
		{35A30F27-64B7-4EE5-B479-C3614FF81897}.Debug|x64.Build.0 = Debug|Any CPU
		{35A30F27-64B7-4EE5-B479-C3614FF81897}.Debug|x86.ActiveCfg = Debug|Any CPU
		{35A30F27-64B7-4EE5-B479-C3614FF81897}.Debug|x86.Build.0 = Debug|Any CPU
		{35A30F27-64B7-4EE5-B479-C3614FF81897}.Release|Any CPU.ActiveCfg = Release|Any CPU
		{35A30F27-64B7-4EE5-B479-C3614FF81897}.Release|Any CPU.Build.0 = Release|Any CPU
		{35A30F27-64B7-4EE5-B479-C3614FF81897}.Release|x64.ActiveCfg = Release|Any CPU
		{35A30F27-64B7-4EE5-B479-C3614FF81897}.Release|x64.Build.0 = Release|Any CPU
		{35A30F27-64B7-4EE5-B479-C3614FF81897}.Release|x86.ActiveCfg = Release|Any CPU
		{35A30F27-64B7-4EE5-B479-C3614FF81897}.Release|x86.Build.0 = Release|Any CPU
	EndGlobalSection
	GlobalSection(SolutionProperties) = preSolution
		HideSolutionNode = FALSE
	EndGlobalSection
EndGlobal
