
Microsoft Visual Studio Solution File, Format Version 12.00
# Visual Studio Version 17
VisualStudioVersion = 17.13.35806.99 d17.13
MinimumVisualStudioVersion = 10.0.40219.1
Project("{FAE04EC0-301F-11D3-BF4B-00C04F79EFBC}") = "ArrayBasics", "ArrayBasics\ArrayBasics.csproj", "{DF6D524E-A38E-48B8-AE17-648C4FE65A20}"
EndProject
Global
	GlobalSection(SolutionConfigurationPlatforms) = preSolution
		Debug|Any CPU = Debug|Any CPU
		Release|Any CPU = Release|Any CPU
	EndGlobalSection
	GlobalSection(ProjectConfigurationPlatforms) = postSolution
		{DF6D524E-A38E-48B8-AE17-648C4FE65A20}.Debug|Any CPU.ActiveCfg = Debug|Any CPU
		{DF6D524E-A38E-48B8-AE17-648C4FE65A20}.Debug|Any CPU.Build.0 = Debug|Any CPU
		{DF6D524E-A38E-48B8-AE17-648C4FE65A20}.Release|Any CPU.ActiveCfg = Release|Any CPU
		{DF6D524E-A38E-48B8-AE17-648C4FE65A20}.Release|Any CPU.Build.0 = Release|Any CPU
	EndGlobalSection
	GlobalSection(SolutionProperties) = preSolution
		HideSolutionNode = FALSE
	EndGlobalSection
	GlobalSection(ExtensibilityGlobals) = postSolution
		SolutionGuid = {EB50134B-548E-41FE-A3D7-40590FFEAB02}
	EndGlobalSection
EndGlobal
