
Microsoft Visual Studio Solution File, Format Version 12.00
# Visual Studio Version 17
VisualStudioVersion = 17.13.35913.81 d17.13
MinimumVisualStudioVersion = 10.0.40219.1
Project("{FAE04EC0-301F-11D3-BF4B-00C04F79EFBC}") = "StringInerpolatingFormattingExamples", "StringInerpolatingFormattingExamples\StringInerpolatingFormattingExamples.csproj", "{767DDC32-7D2F-4AB0-8C9E-258C9366EA04}"
EndProject
Global
	GlobalSection(SolutionConfigurationPlatforms) = preSolution
		Debug|Any CPU = Debug|Any CPU
		Release|Any CPU = Release|Any CPU
	EndGlobalSection
	GlobalSection(ProjectConfigurationPlatforms) = postSolution
		{767DDC32-7D2F-4AB0-8C9E-258C9366EA04}.Debug|Any CPU.ActiveCfg = Debug|Any CPU
		{767DDC32-7D2F-4AB0-8C9E-258C9366EA04}.Debug|Any CPU.Build.0 = Debug|Any CPU
		{767DDC32-7D2F-4AB0-8C9E-258C9366EA04}.Release|Any CPU.ActiveCfg = Release|Any CPU
		{767DDC32-7D2F-4AB0-8C9E-258C9366EA04}.Release|Any CPU.Build.0 = Release|Any CPU
	EndGlobalSection
	GlobalSection(SolutionProperties) = preSolution
		HideSolutionNode = FALSE
	EndGlobalSection
	GlobalSection(ExtensibilityGlobals) = postSolution
		SolutionGuid = {C2223EE3-5A5C-403A-97CD-B998FF17F694}
	EndGlobalSection
EndGlobal
